
Microsoft Visual Studio Solution File, Format Version 12.00
# Visual Studio Version 17
VisualStudioVersion = 17.0.31919.166
MinimumVisualStudioVersion = 10.0.40219.1
Project("{9A19103F-16F7-4668-BE54-9A1E7A4F7556}") = "E_Commerce.App.API", "E_Commerce\E_Commerce.App.API.csproj", "{AD59B387-C406-4711-AB8A-AD8DE508A8A0}"
EndProject
Project("{2150E333-8FDC-42A3-9474-1A3956D46DE8}") = "Data", "Data", "{20A78C0B-AA69-40D3-B936-83D26DFBD6F2}"
EndProject
Project("{2150E333-8FDC-42A3-9474-1A3956D46DE8}") = "Business", "Business", "{20799F13-2096-4B0D-8016-AAF619529464}"
EndProject
Project("{FAE04EC0-301F-11D3-BF4B-00C04F79EFBC}") = "E_Commerce.Business", "E_Commerce.Business\E_Commerce.Business.csproj", "{C74556BE-6C7C-47DC-938E-1C2BB4F19798}"
EndProject
Project("{FAE04EC0-301F-11D3-BF4B-00C04F79EFBC}") = "E_Commerce.Data", "E_Commerce.Data\E_Commerce.Data.csproj", "{F3DFB58C-66D0-4D88-8C7C-5FA888721437}"
EndProject
Project("{2150E333-8FDC-42A3-9474-1A3956D46DE8}") = "App", "App", "{AA21B22D-978E-46DB-9AFE-297E716CB370}"
EndProject
Project("{FAE04EC0-301F-11D3-BF4B-00C04F79EFBC}") = "E_Commerce.App.AdminPage", "E_Commerce.App.AdminPage\E_Commerce.App.AdminPage.csproj", "{B357524E-4904-4225-9F79-583A17039A59}"
EndProject
Global
	GlobalSection(SolutionConfigurationPlatforms) = preSolution
		Debug|Any CPU = Debug|Any CPU
		Release|Any CPU = Release|Any CPU
	EndGlobalSection
	GlobalSection(ProjectConfigurationPlatforms) = postSolution
		{AD59B387-C406-4711-AB8A-AD8DE508A8A0}.Debug|Any CPU.ActiveCfg = Debug|Any CPU
		{AD59B387-C406-4711-AB8A-AD8DE508A8A0}.Debug|Any CPU.Build.0 = Debug|Any CPU
		{AD59B387-C406-4711-AB8A-AD8DE508A8A0}.Release|Any CPU.ActiveCfg = Release|Any CPU
		{AD59B387-C406-4711-AB8A-AD8DE508A8A0}.Release|Any CPU.Build.0 = Release|Any CPU
		{C74556BE-6C7C-47DC-938E-1C2BB4F19798}.Debug|Any CPU.ActiveCfg = Debug|Any CPU
		{C74556BE-6C7C-47DC-938E-1C2BB4F19798}.Debug|Any CPU.Build.0 = Debug|Any CPU
		{C74556BE-6C7C-47DC-938E-1C2BB4F19798}.Release|Any CPU.ActiveCfg = Release|Any CPU
		{C74556BE-6C7C-47DC-938E-1C2BB4F19798}.Release|Any CPU.Build.0 = Release|Any CPU
		{F3DFB58C-66D0-4D88-8C7C-5FA888721437}.Debug|Any CPU.ActiveCfg = Debug|Any CPU
		{F3DFB58C-66D0-4D88-8C7C-5FA888721437}.Debug|Any CPU.Build.0 = Debug|Any CPU
		{F3DFB58C-66D0-4D88-8C7C-5FA888721437}.Release|Any CPU.ActiveCfg = Release|Any CPU
		{F3DFB58C-66D0-4D88-8C7C-5FA888721437}.Release|Any CPU.Build.0 = Release|Any CPU
		{B357524E-4904-4225-9F79-583A17039A59}.Debug|Any CPU.ActiveCfg = Debug|Any CPU
		{B357524E-4904-4225-9F79-583A17039A59}.Debug|Any CPU.Build.0 = Debug|Any CPU
		{B357524E-4904-4225-9F79-583A17039A59}.Release|Any CPU.ActiveCfg = Release|Any CPU
		{B357524E-4904-4225-9F79-583A17039A59}.Release|Any CPU.Build.0 = Release|Any CPU
	EndGlobalSection
	GlobalSection(SolutionProperties) = preSolution
		HideSolutionNode = FALSE
	EndGlobalSection
	GlobalSection(NestedProjects) = preSolution
		{AD59B387-C406-4711-AB8A-AD8DE508A8A0} = {AA21B22D-978E-46DB-9AFE-297E716CB370}
		{C74556BE-6C7C-47DC-938E-1C2BB4F19798} = {20799F13-2096-4B0D-8016-AAF619529464}
		{F3DFB58C-66D0-4D88-8C7C-5FA888721437} = {20A78C0B-AA69-40D3-B936-83D26DFBD6F2}
		{B357524E-4904-4225-9F79-583A17039A59} = {AA21B22D-978E-46DB-9AFE-297E716CB370}
	EndGlobalSection
	GlobalSection(ExtensibilityGlobals) = postSolution
		SolutionGuid = {B3A46693-539E-4054-A078-CB3AD838F1E9}
	EndGlobalSection
EndGlobal
